
Microsoft Visual Studio Solution File, Format Version 12.00
# Visual Studio Version 17
VisualStudioVersion = 17.1.32421.90
MinimumVisualStudioVersion = 10.0.40219.1
Project("{FAE04EC0-301F-11D3-BF4B-00C04F79EFBC}") = "ConsoleApp", "ConsoleApp.csproj", "{D836D0D0-D0AA-4066-A9F9-B6A7C60953ED}"
EndProject
Global
	GlobalSection(SolutionConfigurationPlatforms) = preSolution
		Debug|Any CPU = Debug|Any CPU
		Release|Any CPU = Release|Any CPU
	EndGlobalSection
	GlobalSection(ProjectConfigurationPlatforms) = postSolution
		{D836D0D0-D0AA-4066-A9F9-B6A7C60953ED}.Debug|Any CPU.ActiveCfg = Debug|Any CPU
		{D836D0D0-D0AA-4066-A9F9-B6A7C60953ED}.Debug|Any CPU.Build.0 = Debug|Any CPU
		{D836D0D0-D0AA-4066-A9F9-B6A7C60953ED}.Release|Any CPU.ActiveCfg = Release|Any CPU
		{D836D0D0-D0AA-4066-A9F9-B6A7C60953ED}.Release|Any CPU.Build.0 = Release|Any CPU
	EndGlobalSection
	GlobalSection(SolutionProperties) = preSolution
		HideSolutionNode = FALSE
	EndGlobalSection
	GlobalSection(ExtensibilityGlobals) = postSolution
		SolutionGuid = {BD51F604-1C51-49F4-923B-3D056716CC58}
	EndGlobalSection
EndGlobal
